
Microsoft Visual Studio Solution File, Format Version 10.00
# Visual Studio 2008
Project("{8BC9CEB8-8B4A-11D0-8D11-00A0C91BC942}") = "Crafting", "Crafting\Crafting.vcproj", "{24654F1C-1409-4AFF-A4CD-25FBFFE4862E}"
EndProject
Global
	GlobalSection(SolutionConfigurationPlatforms) = preSolution
		Debug|Win32 = Debug|Win32
		Release|Win32 = Release|Win32
	EndGlobalSection
	GlobalSection(ProjectConfigurationPlatforms) = postSolution
		{24654F1C-1409-4AFF-A4CD-25FBFFE4862E}.Debug|Win32.ActiveCfg = Debug|Win32
		{24654F1C-1409-4AFF-A4CD-25FBFFE4862E}.Debug|Win32.Build.0 = Debug|Win32
		{24654F1C-1409-4AFF-A4CD-25FBFFE4862E}.Release|Win32.ActiveCfg = Release|Win32
		{24654F1C-1409-4AFF-A4CD-25FBFFE4862E}.Release|Win32.Build.0 = Release|Win32
	EndGlobalSection
	GlobalSection(SolutionProperties) = preSolution
		HideSolutionNode = FALSE
	EndGlobalSection
EndGlobal
